
Microsoft Visual Studio Solution File, Format Version 12.00
# Visual Studio Version 17
VisualStudioVersion = 17.0.31903.59
MinimumVisualStudioVersion = 10.0.40219.1
Project("{2150E333-8FDC-42A3-9474-1A3956D46DE8}") = "src", "src", "{827E0CD3-B72D-47B6-A68D-7590B98EB39B}"
EndProject
Project("{FAE04EC0-301F-11D3-BF4B-00C04F79EFBC}") = "Quotation.Core", "src\Quotation.Core\Quotation.Core.csproj", "{62B9969F-5D11-4332-9D4B-644208260EFA}"
EndProject
Project("{FAE04EC0-301F-11D3-BF4B-00C04F79EFBC}") = "Quotation.Data", "src\Quotation.Data\Quotation.Data.csproj", "{FE3AE015-3739-4B08-8C27-D3AE1DEF93FE}"
EndProject
Project("{FAE04EC0-301F-11D3-BF4B-00C04F79EFBC}") = "Quotation.Contracts", "src\Quotation.Contracts\Quotation.Contracts.csproj", "{94F9DB9B-0CA9-4DA3-981F-D04C50162A5E}"
EndProject
Project("{FAE04EC0-301F-11D3-BF4B-00C04F79EFBC}") = "Quotation.Server", "src\Quotation.Server\Quotation.Server.csproj", "{4019280A-3EA9-429F-B7CD-822589BCB421}"
EndProject
Project("{FAE04EC0-301F-11D3-BF4B-00C04F79EFBC}") = "Quotation.ApiClient", "src\Quotation.ApiClient\Quotation.ApiClient.csproj", "{11780BDA-D1D5-47ED-A59A-DF19E439E295}"
EndProject
Project("{FAE04EC0-301F-11D3-BF4B-00C04F79EFBC}") = "Quotation.Desktop", "src\Quotation.Desktop\Quotation.Desktop.csproj", "{279116A7-005A-4C2D-98D7-0CAA5413893D}"
EndProject
Project("{2150E333-8FDC-42A3-9474-1A3956D46DE8}") = "tests", "tests", "{0AB3BF05-4346-4AA6-1389-037BE0695223}"
EndProject
Project("{FAE04EC0-301F-11D3-BF4B-00C04F79EFBC}") = "Quotation.Core.Tests", "tests\Quotation.Core.Tests\Quotation.Core.Tests.csproj", "{38779885-DFB6-4468-8EE1-FB951ADF457A}"
EndProject
Project("{FAE04EC0-301F-11D3-BF4B-00C04F79EFBC}") = "Quotation.Server.Tests", "tests\Quotation.Server.Tests\Quotation.Server.Tests.csproj", "{E6AD9FD3-67B7-47E0-87A0-4EBD70744D0E}"
EndProject
Project("{FAE04EC0-301F-11D3-BF4B-00C04F79EFBC}") = "Quotation.TestSupport", "tests\Quotation.TestSupport\Quotation.TestSupport.csproj", "{01D57E6B-5BB4-4ADB-922F-007E95700D36}"
EndProject
Project("{FAE04EC0-301F-11D3-BF4B-00C04F79EFBC}") = "Quotation.Desktop.Tests", "tests\Quotation.Desktop.Tests\Quotation.Desktop.Tests.csproj", "{2F2A2CC5-2C3F-470E-8AE3-FD027AFDD6F5}"
EndProject
Project("{FAE04EC0-301F-11D3-BF4B-00C04F79EFBC}") = "Quotation.Tally", "src\Quotation.Tally\Quotation.Tally.csproj", "{C479FF15-9EFB-4DCA-B090-F436AF53835E}"
EndProject
Project("{2150E333-8FDC-42A3-9474-1A3956D46DE8}") = "tools", "tools", "{07C2787E-EAC7-C090-1BA3-A61EC2A24D84}"
EndProject
Project("{FAE04EC0-301F-11D3-BF4B-00C04F79EFBC}") = "Tally.Simulator", "tools\Tally.Simulator\Tally.Simulator.csproj", "{E73A9A80-70AA-44AA-97C1-25B5D24B320B}"
EndProject
Project("{FAE04EC0-301F-11D3-BF4B-00C04F79EFBC}") = "Quotation.Tally.Tests", "tests\Quotation.Tally.Tests\Quotation.Tally.Tests.csproj", "{67CBABCA-43C8-486E-996E-8E4347AE20D5}"
EndProject
Project("{FAE04EC0-301F-11D3-BF4B-00C04F79EFBC}") = "Quotation.Pdf", "src\Quotation.Pdf\Quotation.Pdf.csproj", "{89596E13-C101-4414-A716-574B1DA821F8}"
EndProject
Project("{FAE04EC0-301F-11D3-BF4B-00C04F79EFBC}") = "Quotation.Pdf.Tests", "tests\Quotation.Pdf.Tests\Quotation.Pdf.Tests.csproj", "{1EB706B5-46F0-47D0-A4CB-7A016F10D4AD}"
EndProject
Project("{FAE04EC0-301F-11D3-BF4B-00C04F79EFBC}") = "Quotation.AI", "src\Quotation.AI\Quotation.AI.csproj", "{5213A7F7-F227-4460-9625-DA3711B17A5B}"
EndProject
Project("{FAE04EC0-301F-11D3-BF4B-00C04F79EFBC}") = "Quotation.AI.Tests", "tests\Quotation.AI.Tests\Quotation.AI.Tests.csproj", "{CCA5875B-4C2C-4897-9342-FD176C83D067}"
EndProject
Project("{FAE04EC0-301F-11D3-BF4B-00C04F79EFBC}") = "Quotation.Gmail", "src\Quotation.Gmail\Quotation.Gmail.csproj", "{185115AD-1ECF-446E-B7E7-607115963C5A}"
EndProject
Project("{FAE04EC0-301F-11D3-BF4B-00C04F79EFBC}") = "Quotation.E2E.Tests", "tests\Quotation.E2E.Tests\Quotation.E2E.Tests.csproj", "{9FE23278-144D-4385-8E7F-6D6F131CC853}"
EndProject
Global
	GlobalSection(SolutionConfigurationPlatforms) = preSolution
		Debug|Any CPU = Debug|Any CPU
		Debug|x64 = Debug|x64
		Debug|x86 = Debug|x86
		Release|Any CPU = Release|Any CPU
		Release|x64 = Release|x64
		Release|x86 = Release|x86
	EndGlobalSection
	GlobalSection(ProjectConfigurationPlatforms) = postSolution
		{62B9969F-5D11-4332-9D4B-644208260EFA}.Debug|Any CPU.ActiveCfg = Debug|Any CPU
		{62B9969F-5D11-4332-9D4B-644208260EFA}.Debug|Any CPU.Build.0 = Debug|Any CPU
		{62B9969F-5D11-4332-9D4B-644208260EFA}.Debug|x64.ActiveCfg = Debug|Any CPU
		{62B9969F-5D11-4332-9D4B-644208260EFA}.Debug|x64.Build.0 = Debug|Any CPU
		{62B9969F-5D11-4332-9D4B-644208260EFA}.Debug|x86.ActiveCfg = Debug|Any CPU
		{62B9969F-5D11-4332-9D4B-644208260EFA}.Debug|x86.Build.0 = Debug|Any CPU
		{62B9969F-5D11-4332-9D4B-644208260EFA}.Release|Any CPU.ActiveCfg = Release|Any CPU
		{62B9969F-5D11-4332-9D4B-644208260EFA}.Release|Any CPU.Build.0 = Release|Any CPU
		{62B9969F-5D11-4332-9D4B-644208260EFA}.Release|x64.ActiveCfg = Release|Any CPU
		{62B9969F-5D11-4332-9D4B-644208260EFA}.Release|x64.Build.0 = Release|Any CPU
		{62B9969F-5D11-4332-9D4B-644208260EFA}.Release|x86.ActiveCfg = Release|Any CPU
		{62B9969F-5D11-4332-9D4B-644208260EFA}.Release|x86.Build.0 = Release|Any CPU
		{FE3AE015-3739-4B08-8C27-D3AE1DEF93FE}.Debug|Any CPU.ActiveCfg = Debug|Any CPU
		{FE3AE015-3739-4B08-8C27-D3AE1DEF93FE}.Debug|Any CPU.Build.0 = Debug|Any CPU
		{FE3AE015-3739-4B08-8C27-D3AE1DEF93FE}.Debug|x64.ActiveCfg = Debug|Any CPU
		{FE3AE015-3739-4B08-8C27-D3AE1DEF93FE}.Debug|x64.Build.0 = Debug|Any CPU
		{FE3AE015-3739-4B08-8C27-D3AE1DEF93FE}.Debug|x86.ActiveCfg = Debug|Any CPU
		{FE3AE015-3739-4B08-8C27-D3AE1DEF93FE}.Debug|x86.Build.0 = Debug|Any CPU
		{FE3AE015-3739-4B08-8C27-D3AE1DEF93FE}.Release|Any CPU.ActiveCfg = Release|Any CPU
		{FE3AE015-3739-4B08-8C27-D3AE1DEF93FE}.Release|Any CPU.Build.0 = Release|Any CPU
		{FE3AE015-3739-4B08-8C27-D3AE1DEF93FE}.Release|x64.ActiveCfg = Release|Any CPU
		{FE3AE015-3739-4B08-8C27-D3AE1DEF93FE}.Release|x64.Build.0 = Release|Any CPU
		{FE3AE015-3739-4B08-8C27-D3AE1DEF93FE}.Release|x86.ActiveCfg = Release|Any CPU
		{FE3AE015-3739-4B08-8C27-D3AE1DEF93FE}.Release|x86.Build.0 = Release|Any CPU
		{94F9DB9B-0CA9-4DA3-981F-D04C50162A5E}.Debug|Any CPU.ActiveCfg = Debug|Any CPU
		{94F9DB9B-0CA9-4DA3-981F-D04C50162A5E}.Debug|Any CPU.Build.0 = Debug|Any CPU
		{94F9DB9B-0CA9-4DA3-981F-D04C50162A5E}.Debug|x64.ActiveCfg = Debug|Any CPU
		{94F9DB9B-0CA9-4DA3-981F-D04C50162A5E}.Debug|x64.Build.0 = Debug|Any CPU
		{94F9DB9B-0CA9-4DA3-981F-D04C50162A5E}.Debug|x86.ActiveCfg = Debug|Any CPU
		{94F9DB9B-0CA9-4DA3-981F-D04C50162A5E}.Debug|x86.Build.0 = Debug|Any CPU
		{94F9DB9B-0CA9-4DA3-981F-D04C50162A5E}.Release|Any CPU.ActiveCfg = Release|Any CPU
		{94F9DB9B-0CA9-4DA3-981F-D04C50162A5E}.Release|Any CPU.Build.0 = Release|Any CPU
		{94F9DB9B-0CA9-4DA3-981F-D04C50162A5E}.Release|x64.ActiveCfg = Release|Any CPU
		{94F9DB9B-0CA9-4DA3-981F-D04C50162A5E}.Release|x64.Build.0 = Release|Any CPU
		{94F9DB9B-0CA9-4DA3-981F-D04C50162A5E}.Release|x86.ActiveCfg = Release|Any CPU
		{94F9DB9B-0CA9-4DA3-981F-D04C50162A5E}.Release|x86.Build.0 = Release|Any CPU
		{4019280A-3EA9-429F-B7CD-822589BCB421}.Debug|Any CPU.ActiveCfg = Debug|Any CPU
		{4019280A-3EA9-429F-B7CD-822589BCB421}.Debug|Any CPU.Build.0 = Debug|Any CPU
		{4019280A-3EA9-429F-B7CD-822589BCB421}.Debug|x64.ActiveCfg = Debug|Any CPU
		{4019280A-3EA9-429F-B7CD-822589BCB421}.Debug|x64.Build.0 = Debug|Any CPU
		{4019280A-3EA9-429F-B7CD-822589BCB421}.Debug|x86.ActiveCfg = Debug|Any CPU
		{4019280A-3EA9-429F-B7CD-822589BCB421}.Debug|x86.Build.0 = Debug|Any CPU
		{4019280A-3EA9-429F-B7CD-822589BCB421}.Release|Any CPU.ActiveCfg = Release|Any CPU
		{4019280A-3EA9-429F-B7CD-822589BCB421}.Release|Any CPU.Build.0 = Release|Any CPU
		{4019280A-3EA9-429F-B7CD-822589BCB421}.Release|x64.ActiveCfg = Release|Any CPU
		{4019280A-3EA9-429F-B7CD-822589BCB421}.Release|x64.Build.0 = Release|Any CPU
		{4019280A-3EA9-429F-B7CD-822589BCB421}.Release|x86.ActiveCfg = Release|Any CPU
		{4019280A-3EA9-429F-B7CD-822589BCB421}.Release|x86.Build.0 = Release|Any CPU
		{11780BDA-D1D5-47ED-A59A-DF19E439E295}.Debug|Any CPU.ActiveCfg = Debug|Any CPU
		{11780BDA-D1D5-47ED-A59A-DF19E439E295}.Debug|Any CPU.Build.0 = Debug|Any CPU
		{11780BDA-D1D5-47ED-A59A-DF19E439E295}.Debug|x64.ActiveCfg = Debug|Any CPU
		{11780BDA-D1D5-47ED-A59A-DF19E439E295}.Debug|x64.Build.0 = Debug|Any CPU
		{11780BDA-D1D5-47ED-A59A-DF19E439E295}.Debug|x86.ActiveCfg = Debug|Any CPU
		{11780BDA-D1D5-47ED-A59A-DF19E439E295}.Debug|x86.Build.0 = Debug|Any CPU
		{11780BDA-D1D5-47ED-A59A-DF19E439E295}.Release|Any CPU.ActiveCfg = Release|Any CPU
		{11780BDA-D1D5-47ED-A59A-DF19E439E295}.Release|Any CPU.Build.0 = Release|Any CPU
		{11780BDA-D1D5-47ED-A59A-DF19E439E295}.Release|x64.ActiveCfg = Release|Any CPU
		{11780BDA-D1D5-47ED-A59A-DF19E439E295}.Release|x64.Build.0 = Release|Any CPU
		{11780BDA-D1D5-47ED-A59A-DF19E439E295}.Release|x86.ActiveCfg = Release|Any CPU
		{11780BDA-D1D5-47ED-A59A-DF19E439E295}.Release|x86.Build.0 = Release|Any CPU
		{279116A7-005A-4C2D-98D7-0CAA5413893D}.Debug|Any CPU.ActiveCfg = Debug|Any CPU
		{279116A7-005A-4C2D-98D7-0CAA5413893D}.Debug|Any CPU.Build.0 = Debug|Any CPU
		{279116A7-005A-4C2D-98D7-0CAA5413893D}.Debug|x64.ActiveCfg = Debug|Any CPU
		{279116A7-005A-4C2D-98D7-0CAA5413893D}.Debug|x64.Build.0 = Debug|Any CPU
		{279116A7-005A-4C2D-98D7-0CAA5413893D}.Debug|x86.ActiveCfg = Debug|Any CPU
		{279116A7-005A-4C2D-98D7-0CAA5413893D}.Debug|x86.Build.0 = Debug|Any CPU
		{279116A7-005A-4C2D-98D7-0CAA5413893D}.Release|Any CPU.ActiveCfg = Release|Any CPU
		{279116A7-005A-4C2D-98D7-0CAA5413893D}.Release|Any CPU.Build.0 = Release|Any CPU
		{279116A7-005A-4C2D-98D7-0CAA5413893D}.Release|x64.ActiveCfg = Release|Any CPU
		{279116A7-005A-4C2D-98D7-0CAA5413893D}.Release|x64.Build.0 = Release|Any CPU
		{279116A7-005A-4C2D-98D7-0CAA5413893D}.Release|x86.ActiveCfg = Release|Any CPU
		{279116A7-005A-4C2D-98D7-0CAA5413893D}.Release|x86.Build.0 = Release|Any CPU
		{38779885-DFB6-4468-8EE1-FB951ADF457A}.Debug|Any CPU.ActiveCfg = Debug|Any CPU
		{38779885-DFB6-4468-8EE1-FB951ADF457A}.Debug|Any CPU.Build.0 = Debug|Any CPU
		{38779885-DFB6-4468-8EE1-FB951ADF457A}.Debug|x64.ActiveCfg = Debug|Any CPU
		{38779885-DFB6-4468-8EE1-FB951ADF457A}.Debug|x64.Build.0 = Debug|Any CPU
		{38779885-DFB6-4468-8EE1-FB951ADF457A}.Debug|x86.ActiveCfg = Debug|Any CPU
		{38779885-DFB6-4468-8EE1-FB951ADF457A}.Debug|x86.Build.0 = Debug|Any CPU
		{38779885-DFB6-4468-8EE1-FB951ADF457A}.Release|Any CPU.ActiveCfg = Release|Any CPU
		{38779885-DFB6-4468-8EE1-FB951ADF457A}.Release|Any CPU.Build.0 = Release|Any CPU
		{38779885-DFB6-4468-8EE1-FB951ADF457A}.Release|x64.ActiveCfg = Release|Any CPU
		{38779885-DFB6-4468-8EE1-FB951ADF457A}.Release|x64.Build.0 = Release|Any CPU
		{38779885-DFB6-4468-8EE1-FB951ADF457A}.Release|x86.ActiveCfg = Release|Any CPU
		{38779885-DFB6-4468-8EE1-FB951ADF457A}.Release|x86.Build.0 = Release|Any CPU
		{E6AD9FD3-67B7-47E0-87A0-4EBD70744D0E}.Debug|Any CPU.ActiveCfg = Debug|Any CPU
		{E6AD9FD3-67B7-47E0-87A0-4EBD70744D0E}.Debug|Any CPU.Build.0 = Debug|Any CPU
		{E6AD9FD3-67B7-47E0-87A0-4EBD70744D0E}.Debug|x64.ActiveCfg = Debug|Any CPU
		{E6AD9FD3-67B7-47E0-87A0-4EBD70744D0E}.Debug|x64.Build.0 = Debug|Any CPU
		{E6AD9FD3-67B7-47E0-87A0-4EBD70744D0E}.Debug|x86.ActiveCfg = Debug|Any CPU
		{E6AD9FD3-67B7-47E0-87A0-4EBD70744D0E}.Debug|x86.Build.0 = Debug|Any CPU
		{E6AD9FD3-67B7-47E0-87A0-4EBD70744D0E}.Release|Any CPU.ActiveCfg = Release|Any CPU
		{E6AD9FD3-67B7-47E0-87A0-4EBD70744D0E}.Release|Any CPU.Build.0 = Release|Any CPU
		{E6AD9FD3-67B7-47E0-87A0-4EBD70744D0E}.Release|x64.ActiveCfg = Release|Any CPU
		{E6AD9FD3-67B7-47E0-87A0-4EBD70744D0E}.Release|x64.Build.0 = Release|Any CPU
		{E6AD9FD3-67B7-47E0-87A0-4EBD70744D0E}.Release|x86.ActiveCfg = Release|Any CPU
		{E6AD9FD3-67B7-47E0-87A0-4EBD70744D0E}.Release|x86.Build.0 = Release|Any CPU
		{01D57E6B-5BB4-4ADB-922F-007E95700D36}.Debug|Any CPU.ActiveCfg = Debug|Any CPU
		{01D57E6B-5BB4-4ADB-922F-007E95700D36}.Debug|Any CPU.Build.0 = Debug|Any CPU
		{01D57E6B-5BB4-4ADB-922F-007E95700D36}.Debug|x64.ActiveCfg = Debug|Any CPU
		{01D57E6B-5BB4-4ADB-922F-007E95700D36}.Debug|x64.Build.0 = Debug|Any CPU
		{01D57E6B-5BB4-4ADB-922F-007E95700D36}.Debug|x86.ActiveCfg = Debug|Any CPU
		{01D57E6B-5BB4-4ADB-922F-007E95700D36}.Debug|x86.Build.0 = Debug|Any CPU
		{01D57E6B-5BB4-4ADB-922F-007E95700D36}.Release|Any CPU.ActiveCfg = Release|Any CPU
		{01D57E6B-5BB4-4ADB-922F-007E95700D36}.Release|Any CPU.Build.0 = Release|Any CPU
		{01D57E6B-5BB4-4ADB-922F-007E95700D36}.Release|x64.ActiveCfg = Release|Any CPU
		{01D57E6B-5BB4-4ADB-922F-007E95700D36}.Release|x64.Build.0 = Release|Any CPU
		{01D57E6B-5BB4-4ADB-922F-007E95700D36}.Release|x86.ActiveCfg = Release|Any CPU
		{01D57E6B-5BB4-4ADB-922F-007E95700D36}.Release|x86.Build.0 = Release|Any CPU
		{2F2A2CC5-2C3F-470E-8AE3-FD027AFDD6F5}.Debug|Any CPU.ActiveCfg = Debug|Any CPU
		{2F2A2CC5-2C3F-470E-8AE3-FD027AFDD6F5}.Debug|Any CPU.Build.0 = Debug|Any CPU
		{2F2A2CC5-2C3F-470E-8AE3-FD027AFDD6F5}.Debug|x64.ActiveCfg = Debug|Any CPU
		{2F2A2CC5-2C3F-470E-8AE3-FD027AFDD6F5}.Debug|x64.Build.0 = Debug|Any CPU
		{2F2A2CC5-2C3F-470E-8AE3-FD027AFDD6F5}.Debug|x86.ActiveCfg = Debug|Any CPU
		{2F2A2CC5-2C3F-470E-8AE3-FD027AFDD6F5}.Debug|x86.Build.0 = Debug|Any CPU
		{2F2A2CC5-2C3F-470E-8AE3-FD027AFDD6F5}.Release|Any CPU.ActiveCfg = Release|Any CPU
		{2F2A2CC5-2C3F-470E-8AE3-FD027AFDD6F5}.Release|Any CPU.Build.0 = Release|Any CPU
		{2F2A2CC5-2C3F-470E-8AE3-FD027AFDD6F5}.Release|x64.ActiveCfg = Release|Any CPU
		{2F2A2CC5-2C3F-470E-8AE3-FD027AFDD6F5}.Release|x64.Build.0 = Release|Any CPU
		{2F2A2CC5-2C3F-470E-8AE3-FD027AFDD6F5}.Release|x86.ActiveCfg = Release|Any CPU
		{2F2A2CC5-2C3F-470E-8AE3-FD027AFDD6F5}.Release|x86.Build.0 = Release|Any CPU
		{C479FF15-9EFB-4DCA-B090-F436AF53835E}.Debug|Any CPU.ActiveCfg = Debug|Any CPU
		{C479FF15-9EFB-4DCA-B090-F436AF53835E}.Debug|Any CPU.Build.0 = Debug|Any CPU
		{C479FF15-9EFB-4DCA-B090-F436AF53835E}.Debug|x64.ActiveCfg = Debug|Any CPU
		{C479FF15-9EFB-4DCA-B090-F436AF53835E}.Debug|x64.Build.0 = Debug|Any CPU
		{C479FF15-9EFB-4DCA-B090-F436AF53835E}.Debug|x86.ActiveCfg = Debug|Any CPU
		{C479FF15-9EFB-4DCA-B090-F436AF53835E}.Debug|x86.Build.0 = Debug|Any CPU
		{C479FF15-9EFB-4DCA-B090-F436AF53835E}.Release|Any CPU.ActiveCfg = Release|Any CPU
		{C479FF15-9EFB-4DCA-B090-F436AF53835E}.Release|Any CPU.Build.0 = Release|Any CPU
		{C479FF15-9EFB-4DCA-B090-F436AF53835E}.Release|x64.ActiveCfg = Release|Any CPU
		{C479FF15-9EFB-4DCA-B090-F436AF53835E}.Release|x64.Build.0 = Release|Any CPU
		{C479FF15-9EFB-4DCA-B090-F436AF53835E}.Release|x86.ActiveCfg = Release|Any CPU
		{C479FF15-9EFB-4DCA-B090-F436AF53835E}.Release|x86.Build.0 = Release|Any CPU
		{E73A9A80-70AA-44AA-97C1-25B5D24B320B}.Debug|Any CPU.ActiveCfg = Debug|Any CPU
		{E73A9A80-70AA-44AA-97C1-25B5D24B320B}.Debug|Any CPU.Build.0 = Debug|Any CPU
		{E73A9A80-70AA-44AA-97C1-25B5D24B320B}.Debug|x64.ActiveCfg = Debug|Any CPU
		{E73A9A80-70AA-44AA-97C1-25B5D24B320B}.Debug|x64.Build.0 = Debug|Any CPU
		{E73A9A80-70AA-44AA-97C1-25B5D24B320B}.Debug|x86.ActiveCfg = Debug|Any CPU
		{E73A9A80-70AA-44AA-97C1-25B5D24B320B}.Debug|x86.Build.0 = Debug|Any CPU
		{E73A9A80-70AA-44AA-97C1-25B5D24B320B}.Release|Any CPU.ActiveCfg = Release|Any CPU
		{E73A9A80-70AA-44AA-97C1-25B5D24B320B}.Release|Any CPU.Build.0 = Release|Any CPU
		{E73A9A80-70AA-44AA-97C1-25B5D24B320B}.Release|x64.ActiveCfg = Release|Any CPU
		{E73A9A80-70AA-44AA-97C1-25B5D24B320B}.Release|x64.Build.0 = Release|Any CPU
		{E73A9A80-70AA-44AA-97C1-25B5D24B320B}.Release|x86.ActiveCfg = Release|Any CPU
		{E73A9A80-70AA-44AA-97C1-25B5D24B320B}.Release|x86.Build.0 = Release|Any CPU
		{67CBABCA-43C8-486E-996E-8E4347AE20D5}.Debug|Any CPU.ActiveCfg = Debug|Any CPU
		{67CBABCA-43C8-486E-996E-8E4347AE20D5}.Debug|Any CPU.Build.0 = Debug|Any CPU
		{67CBABCA-43C8-486E-996E-8E4347AE20D5}.Debug|x64.ActiveCfg = Debug|Any CPU
		{67CBABCA-43C8-486E-996E-8E4347AE20D5}.Debug|x64.Build.0 = Debug|Any CPU
		{67CBABCA-43C8-486E-996E-8E4347AE20D5}.Debug|x86.ActiveCfg = Debug|Any CPU
		{67CBABCA-43C8-486E-996E-8E4347AE20D5}.Debug|x86.Build.0 = Debug|Any CPU
		{67CBABCA-43C8-486E-996E-8E4347AE20D5}.Release|Any CPU.ActiveCfg = Release|Any CPU
		{67CBABCA-43C8-486E-996E-8E4347AE20D5}.Release|Any CPU.Build.0 = Release|Any CPU
		{67CBABCA-43C8-486E-996E-8E4347AE20D5}.Release|x64.ActiveCfg = Release|Any CPU
		{67CBABCA-43C8-486E-996E-8E4347AE20D5}.Release|x64.Build.0 = Release|Any CPU
		{67CBABCA-43C8-486E-996E-8E4347AE20D5}.Release|x86.ActiveCfg = Release|Any CPU
		{67CBABCA-43C8-486E-996E-8E4347AE20D5}.Release|x86.Build.0 = Release|Any CPU
		{89596E13-C101-4414-A716-574B1DA821F8}.Debug|Any CPU.ActiveCfg = Debug|Any CPU
		{89596E13-C101-4414-A716-574B1DA821F8}.Debug|Any CPU.Build.0 = Debug|Any CPU
		{89596E13-C101-4414-A716-574B1DA821F8}.Debug|x64.ActiveCfg = Debug|Any CPU
		{89596E13-C101-4414-A716-574B1DA821F8}.Debug|x64.Build.0 = Debug|Any CPU
		{89596E13-C101-4414-A716-574B1DA821F8}.Debug|x86.ActiveCfg = Debug|Any CPU
		{89596E13-C101-4414-A716-574B1DA821F8}.Debug|x86.Build.0 = Debug|Any CPU
		{89596E13-C101-4414-A716-574B1DA821F8}.Release|Any CPU.ActiveCfg = Release|Any CPU
		{89596E13-C101-4414-A716-574B1DA821F8}.Release|Any CPU.Build.0 = Release|Any CPU
		{89596E13-C101-4414-A716-574B1DA821F8}.Release|x64.ActiveCfg = Release|Any CPU
		{89596E13-C101-4414-A716-574B1DA821F8}.Release|x64.Build.0 = Release|Any CPU
		{89596E13-C101-4414-A716-574B1DA821F8}.Release|x86.ActiveCfg = Release|Any CPU
		{89596E13-C101-4414-A716-574B1DA821F8}.Release|x86.Build.0 = Release|Any CPU
		{1EB706B5-46F0-47D0-A4CB-7A016F10D4AD}.Debug|Any CPU.ActiveCfg = Debug|Any CPU
		{1EB706B5-46F0-47D0-A4CB-7A016F10D4AD}.Debug|Any CPU.Build.0 = Debug|Any CPU
		{1EB706B5-46F0-47D0-A4CB-7A016F10D4AD}.Debug|x64.ActiveCfg = Debug|Any CPU
		{1EB706B5-46F0-47D0-A4CB-7A016F10D4AD}.Debug|x64.Build.0 = Debug|Any CPU
		{1EB706B5-46F0-47D0-A4CB-7A016F10D4AD}.Debug|x86.ActiveCfg = Debug|Any CPU
		{1EB706B5-46F0-47D0-A4CB-7A016F10D4AD}.Debug|x86.Build.0 = Debug|Any CPU
		{1EB706B5-46F0-47D0-A4CB-7A016F10D4AD}.Release|Any CPU.ActiveCfg = Release|Any CPU
		{1EB706B5-46F0-47D0-A4CB-7A016F10D4AD}.Release|Any CPU.Build.0 = Release|Any CPU
		{1EB706B5-46F0-47D0-A4CB-7A016F10D4AD}.Release|x64.ActiveCfg = Release|Any CPU
		{1EB706B5-46F0-47D0-A4CB-7A016F10D4AD}.Release|x64.Build.0 = Release|Any CPU
		{1EB706B5-46F0-47D0-A4CB-7A016F10D4AD}.Release|x86.ActiveCfg = Release|Any CPU
		{1EB706B5-46F0-47D0-A4CB-7A016F10D4AD}.Release|x86.Build.0 = Release|Any CPU
		{5213A7F7-F227-4460-9625-DA3711B17A5B}.Debug|Any CPU.ActiveCfg = Debug|Any CPU
		{5213A7F7-F227-4460-9625-DA3711B17A5B}.Debug|Any CPU.Build.0 = Debug|Any CPU
		{5213A7F7-F227-4460-9625-DA3711B17A5B}.Debug|x64.ActiveCfg = Debug|Any CPU
		{5213A7F7-F227-4460-9625-DA3711B17A5B}.Debug|x64.Build.0 = Debug|Any CPU
		{5213A7F7-F227-4460-9625-DA3711B17A5B}.Debug|x86.ActiveCfg = Debug|Any CPU
		{5213A7F7-F227-4460-9625-DA3711B17A5B}.Debug|x86.Build.0 = Debug|Any CPU
		{5213A7F7-F227-4460-9625-DA3711B17A5B}.Release|Any CPU.ActiveCfg = Release|Any CPU
		{5213A7F7-F227-4460-9625-DA3711B17A5B}.Release|Any CPU.Build.0 = Release|Any CPU
		{5213A7F7-F227-4460-9625-DA3711B17A5B}.Release|x64.ActiveCfg = Release|Any CPU
		{5213A7F7-F227-4460-9625-DA3711B17A5B}.Release|x64.Build.0 = Release|Any CPU
		{5213A7F7-F227-4460-9625-DA3711B17A5B}.Release|x86.ActiveCfg = Release|Any CPU
		{5213A7F7-F227-4460-9625-DA3711B17A5B}.Release|x86.Build.0 = Release|Any CPU
		{CCA5875B-4C2C-4897-9342-FD176C83D067}.Debug|Any CPU.ActiveCfg = Debug|Any CPU
		{CCA5875B-4C2C-4897-9342-FD176C83D067}.Debug|Any CPU.Build.0 = Debug|Any CPU
		{CCA5875B-4C2C-4897-9342-FD176C83D067}.Debug|x64.ActiveCfg = Debug|Any CPU
		{CCA5875B-4C2C-4897-9342-FD176C83D067}.Debug|x64.Build.0 = Debug|Any CPU
		{CCA5875B-4C2C-4897-9342-FD176C83D067}.Debug|x86.ActiveCfg = Debug|Any CPU
		{CCA5875B-4C2C-4897-9342-FD176C83D067}.Debug|x86.Build.0 = Debug|Any CPU
		{CCA5875B-4C2C-4897-9342-FD176C83D067}.Release|Any CPU.ActiveCfg = Release|Any CPU
		{CCA5875B-4C2C-4897-9342-FD176C83D067}.Release|Any CPU.Build.0 = Release|Any CPU
		{CCA5875B-4C2C-4897-9342-FD176C83D067}.Release|x64.ActiveCfg = Release|Any CPU
		{CCA5875B-4C2C-4897-9342-FD176C83D067}.Release|x64.Build.0 = Release|Any CPU
		{CCA5875B-4C2C-4897-9342-FD176C83D067}.Release|x86.ActiveCfg = Release|Any CPU
		{CCA5875B-4C2C-4897-9342-FD176C83D067}.Release|x86.Build.0 = Release|Any CPU
		{185115AD-1ECF-446E-B7E7-607115963C5A}.Debug|Any CPU.ActiveCfg = Debug|Any CPU
		{185115AD-1ECF-446E-B7E7-607115963C5A}.Debug|Any CPU.Build.0 = Debug|Any CPU
		{185115AD-1ECF-446E-B7E7-607115963C5A}.Debug|x64.ActiveCfg = Debug|Any CPU
		{185115AD-1ECF-446E-B7E7-607115963C5A}.Debug|x64.Build.0 = Debug|Any CPU
		{185115AD-1ECF-446E-B7E7-607115963C5A}.Debug|x86.ActiveCfg = Debug|Any CPU
		{185115AD-1ECF-446E-B7E7-607115963C5A}.Debug|x86.Build.0 = Debug|Any CPU
		{185115AD-1ECF-446E-B7E7-607115963C5A}.Release|Any CPU.ActiveCfg = Release|Any CPU
		{185115AD-1ECF-446E-B7E7-607115963C5A}.Release|Any CPU.Build.0 = Release|Any CPU
		{185115AD-1ECF-446E-B7E7-607115963C5A}.Release|x64.ActiveCfg = Release|Any CPU
		{185115AD-1ECF-446E-B7E7-607115963C5A}.Release|x64.Build.0 = Release|Any CPU
		{185115AD-1ECF-446E-B7E7-607115963C5A}.Release|x86.ActiveCfg = Release|Any CPU
		{185115AD-1ECF-446E-B7E7-607115963C5A}.Release|x86.Build.0 = Release|Any CPU
		{9FE23278-144D-4385-8E7F-6D6F131CC853}.Debug|Any CPU.ActiveCfg = Debug|Any CPU
		{9FE23278-144D-4385-8E7F-6D6F131CC853}.Debug|Any CPU.Build.0 = Debug|Any CPU
		{9FE23278-144D-4385-8E7F-6D6F131CC853}.Debug|x64.ActiveCfg = Debug|Any CPU
		{9FE23278-144D-4385-8E7F-6D6F131CC853}.Debug|x64.Build.0 = Debug|Any CPU
		{9FE23278-144D-4385-8E7F-6D6F131CC853}.Debug|x86.ActiveCfg = Debug|Any CPU
		{9FE23278-144D-4385-8E7F-6D6F131CC853}.Debug|x86.Build.0 = Debug|Any CPU
		{9FE23278-144D-4385-8E7F-6D6F131CC853}.Release|Any CPU.ActiveCfg = Release|Any CPU
		{9FE23278-144D-4385-8E7F-6D6F131CC853}.Release|Any CPU.Build.0 = Release|Any CPU
		{9FE23278-144D-4385-8E7F-6D6F131CC853}.Release|x64.ActiveCfg = Release|Any CPU
		{9FE23278-144D-4385-8E7F-6D6F131CC853}.Release|x64.Build.0 = Release|Any CPU
		{9FE23278-144D-4385-8E7F-6D6F131CC853}.Release|x86.ActiveCfg = Release|Any CPU
		{9FE23278-144D-4385-8E7F-6D6F131CC853}.Release|x86.Build.0 = Release|Any CPU
	EndGlobalSection
	GlobalSection(SolutionProperties) = preSolution
		HideSolutionNode = FALSE
	EndGlobalSection
	GlobalSection(NestedProjects) = preSolution
		{62B9969F-5D11-4332-9D4B-644208260EFA} = {827E0CD3-B72D-47B6-A68D-7590B98EB39B}
		{FE3AE015-3739-4B08-8C27-D3AE1DEF93FE} = {827E0CD3-B72D-47B6-A68D-7590B98EB39B}
		{94F9DB9B-0CA9-4DA3-981F-D04C50162A5E} = {827E0CD3-B72D-47B6-A68D-7590B98EB39B}
		{4019280A-3EA9-429F-B7CD-822589BCB421} = {827E0CD3-B72D-47B6-A68D-7590B98EB39B}
		{11780BDA-D1D5-47ED-A59A-DF19E439E295} = {827E0CD3-B72D-47B6-A68D-7590B98EB39B}
		{279116A7-005A-4C2D-98D7-0CAA5413893D} = {827E0CD3-B72D-47B6-A68D-7590B98EB39B}
		{38779885-DFB6-4468-8EE1-FB951ADF457A} = {0AB3BF05-4346-4AA6-1389-037BE0695223}
		{E6AD9FD3-67B7-47E0-87A0-4EBD70744D0E} = {0AB3BF05-4346-4AA6-1389-037BE0695223}
		{01D57E6B-5BB4-4ADB-922F-007E95700D36} = {0AB3BF05-4346-4AA6-1389-037BE0695223}
		{2F2A2CC5-2C3F-470E-8AE3-FD027AFDD6F5} = {0AB3BF05-4346-4AA6-1389-037BE0695223}
		{C479FF15-9EFB-4DCA-B090-F436AF53835E} = {827E0CD3-B72D-47B6-A68D-7590B98EB39B}
		{E73A9A80-70AA-44AA-97C1-25B5D24B320B} = {07C2787E-EAC7-C090-1BA3-A61EC2A24D84}
		{67CBABCA-43C8-486E-996E-8E4347AE20D5} = {0AB3BF05-4346-4AA6-1389-037BE0695223}
		{89596E13-C101-4414-A716-574B1DA821F8} = {827E0CD3-B72D-47B6-A68D-7590B98EB39B}
		{1EB706B5-46F0-47D0-A4CB-7A016F10D4AD} = {0AB3BF05-4346-4AA6-1389-037BE0695223}
		{5213A7F7-F227-4460-9625-DA3711B17A5B} = {827E0CD3-B72D-47B6-A68D-7590B98EB39B}
		{CCA5875B-4C2C-4897-9342-FD176C83D067} = {0AB3BF05-4346-4AA6-1389-037BE0695223}
		{185115AD-1ECF-446E-B7E7-607115963C5A} = {827E0CD3-B72D-47B6-A68D-7590B98EB39B}
		{9FE23278-144D-4385-8E7F-6D6F131CC853} = {0AB3BF05-4346-4AA6-1389-037BE0695223}
	EndGlobalSection
EndGlobal
